{
    "_readme": [
        "This file locks the dependencies of your project to a known state",
        "Read more about it at https://getcomposer.org/doc/01-basic-usage.md#installing-dependencies",
        "This file is @generated automatically"
    ],
    "content-hash": "ab34d4756d7d80a8926b2ce471f35378",
    "packages": [
        {
            "name": "adhocore/jwt",
            "version": "1.1.2",
            "source": {
                "type": "git",
                "url": "https://github.com/adhocore/php-jwt.git",
                "reference": "6c434af7170090bb7a8880d2bc220a2254ba7899"
            },
            "dist": {
                "type": "zip",
                "url": "https://api.github.com/repos/adhocore/php-jwt/zipball/6c434af7170090bb7a8880d2bc220a2254ba7899",
                "reference": "6c434af7170090bb7a8880d2bc220a2254ba7899",
                "shasum": ""
            },
            "require": {
                "php": "^7.0 || ^8.0"
            },
            "require-dev": {
                "phpunit/phpunit": "^6.5 || ^7.5"
            },
            "type": "library",
            "autoload": {
                "psr-4": {
                    "Ahc\\Jwt\\": "src/"
                }
            },
            "notification-url": "https://packagist.org/downloads/",
            "license": [
                "MIT"
            ],
            "authors": [
                {
                    "name": "Jitendra Adhikari",
                    "email": "jiten.adhikary@gmail.com"
                }
            ],
            "description": "Ultra lightweight JSON web token (JWT) library for PHP5.5+.",
            "keywords": [
                "auth",
                "json-web-token",
                "jwt",
                "jwt-auth",
                "jwt-php",
                "token"
            ],
            "funding": [
                {
                    "url": "https://paypal.me/ji10",
                    "type": "custom"
                }
            ],
            "time": "2021-02-20T09:56:44+00:00"
        },
        {
            "name": "izniburak/router",
            "version": "v1.5.3",
            "source": {
                "type": "git",
                "url": "https://github.com/izniburak/php-router.git",
                "reference": "8c2095bad76f481608ea293b98c00c4d39d215ef"
            },
            "dist": {
                "type": "zip",
                "url": "https://api.github.com/repos/izniburak/php-router/zipball/8c2095bad76f481608ea293b98c00c4d39d215ef",
                "reference": "8c2095bad76f481608ea293b98c00c4d39d215ef",
                "shasum": ""
            },
            "require": {
                "php": ">=5.5.0"
            },
            "require-dev": {
                "guzzlehttp/guzzle": "^5.3",
                "phpunit/phpunit": "^4.8 || ^5.7 || ^6.5 || ^7.0"
            },
            "type": "library",
            "autoload": {
                "psr-4": {
                    "Buki\\": "src"
                }
            },
            "notification-url": "https://packagist.org/downloads/",
            "license": [
                "MIT"
            ],
            "authors": [
                {
                    "name": "İzni Burak Demirtaş",
                    "email": "info@burakdemirtas.org",
                    "homepage": "http://burakdemirtas.org"
                }
            ],
            "description": "simple router class for php",
            "homepage": "https://github.com/izniburak/php-router",
            "keywords": [
                "Simple",
                "php",
                "route",
                "router"
            ],
            "support": {
                "issues": "https://github.com/izniburak/php-router/issues",
                "source": "https://github.com/izniburak/php-router/tree/master"
            },
            "time": "2020-02-05T21:51:17+00:00"
        },
        {
            "name": "phpmailer/phpmailer",
            "version": "v6.3.0",
            "source": {
                "type": "git",
                "url": "https://github.com/PHPMailer/PHPMailer.git",
                "reference": "4a08cf4cdd2c38d12ee2b9fa69e5d235f37a6dcb"
            },
            "dist": {
                "type": "zip",
                "url": "https://api.github.com/repos/PHPMailer/PHPMailer/zipball/4a08cf4cdd2c38d12ee2b9fa69e5d235f37a6dcb",
                "reference": "4a08cf4cdd2c38d12ee2b9fa69e5d235f37a6dcb",
                "shasum": ""
            },
            "require": {
                "ext-ctype": "*",
                "ext-filter": "*",
                "ext-hash": "*",
                "php": ">=5.5.0"
            },
            "require-dev": {
                "dealerdirect/phpcodesniffer-composer-installer": "^0.7.0",
                "doctrine/annotations": "^1.2",
                "phpcompatibility/php-compatibility": "^9.3.5",
                "roave/security-advisories": "dev-latest",
                "squizlabs/php_codesniffer": "^3.5.6",
                "yoast/phpunit-polyfills": "^0.2.0"
            },
            "suggest": {
                "ext-mbstring": "Needed to send email in multibyte encoding charset",
                "hayageek/oauth2-yahoo": "Needed for Yahoo XOAUTH2 authentication",
                "league/oauth2-google": "Needed for Google XOAUTH2 authentication",
                "psr/log": "For optional PSR-3 debug logging",
                "stevenmaguire/oauth2-microsoft": "Needed for Microsoft XOAUTH2 authentication",
                "symfony/polyfill-mbstring": "To support UTF-8 if the Mbstring PHP extension is not enabled (^1.2)"
            },
            "type": "library",
            "autoload": {
                "psr-4": {
                    "PHPMailer\\PHPMailer\\": "src/"
                }
            },
            "notification-url": "https://packagist.org/downloads/",
            "license": [
                "LGPL-2.1-only"
            ],
            "authors": [
                {
                    "name": "Marcus Bointon",
                    "email": "phpmailer@synchromedia.co.uk"
                },
                {
                    "name": "Jim Jagielski",
                    "email": "jimjag@gmail.com"
                },
                {
                    "name": "Andy Prevost",
                    "email": "codeworxtech@users.sourceforge.net"
                },
                {
                    "name": "Brent R. Matzelle"
                }
            ],
            "description": "PHPMailer is a full-featured email creation and transfer class for PHP",
            "funding": [
                {
                    "url": "https://github.com/Synchro",
                    "type": "github"
                }
            ],
            "time": "2021-02-19T15:28:08+00:00"
        }
    ],
    "packages-dev": [],
    "aliases": [],
    "minimum-stability": "stable",
    "stability-flags": [],
    "prefer-stable": false,
    "prefer-lowest": false,
    "platform": [],
    "platform-dev": [],
    "plugin-api-version": "1.1.0"
}
